
Microsoft Visual Studio Solution File, Format Version 12.00
# Visual Studio Version 16
VisualStudioVersion = 16.0.30011.22
MinimumVisualStudioVersion = 10.0.40219.1
Project("{FAE04EC0-301F-11D3-BF4B-00C04F79EFBC}") = "BPI_WebScrapeTask", "BPI_WebScrapeTask\BPI_WebScrapeTask.csproj", "{AB305DB9-C0E4-407F-BEF6-A1FAF88BD2DF}"
EndProject
Global
	GlobalSection(SolutionConfigurationPlatforms) = preSolution
		Debug|Any CPU = Debug|Any CPU
		Release|Any CPU = Release|Any CPU
	EndGlobalSection
	GlobalSection(ProjectConfigurationPlatforms) = postSolution
		{AB305DB9-C0E4-407F-BEF6-A1FAF88BD2DF}.Debug|Any CPU.ActiveCfg = Debug|Any CPU
		{AB305DB9-C0E4-407F-BEF6-A1FAF88BD2DF}.Debug|Any CPU.Build.0 = Debug|Any CPU
		{AB305DB9-C0E4-407F-BEF6-A1FAF88BD2DF}.Release|Any CPU.ActiveCfg = Release|Any CPU
		{AB305DB9-C0E4-407F-BEF6-A1FAF88BD2DF}.Release|Any CPU.Build.0 = Release|Any CPU
	EndGlobalSection
	GlobalSection(SolutionProperties) = preSolution
		HideSolutionNode = FALSE
	EndGlobalSection
	GlobalSection(ExtensibilityGlobals) = postSolution
		SolutionGuid = {98B453BD-2D30-4999-86C3-76B712C02F6E}
	EndGlobalSection
EndGlobal
